{
  "name": "anime-watchify",
  "version": "1.0.0",
  "lockfileVersion": 2,
  "requires": true,
  "packages": {
    "": {
      "name": "anime-watchify",
      "version": "1.0.0",
      "hasInstallScript": true,
      "license": "ISC",
      "engines": {
        "node": "16.17.1",
        "npm": "8.15.0"
      }
    }
  }
}
